<?xml version="1.0" encoding="utf-8"?>
<Project ToolsVersion="4.0" xmlns="http://schemas.microsoft.com/developer/msbuild/2003">
  <ItemGroup>
    <Filter Include="Source Files">
      <UniqueIdentifier>{4FC737F1-C7A5-4376-A066-2A32D752A2FF}</UniqueIdentifier>
      <Extensions>cpp;c;cc;cxx;c++;cppm;ixx;def;odl;idl;hpj;bat;asm;asmx</Extensions>
    </Filter>
    <Filter Include="Header Files">
      <UniqueIdentifier>{93995380-89BD-4b04-88EB-625FBE52EBFB}</UniqueIdentifier>
      <Extensions>h;hh;hpp;hxx;h++;hm;inl;inc;ipp;xsd</Extensions>
    </Filter>
    <Filter Include="Resource Files">
      <UniqueIdentifier>{67DA6AB6-F800-4c08-8B7A-83BB121AAD01}</UniqueIdentifier>
      <Extensions>rc;ico;cur;bmp;dlg;rc2;rct;bin;rgs;gif;jpg;jpeg;jpe;resx;tiff;tif;png;wav;mfcribbon-ms</Extensions>
    </Filter>
    <Filter Include="Source Files\Audio">
      <UniqueIdentifier>{2daf7311-b5aa-4b45-8eec-e1116cd617ef}</UniqueIdentifier>
    </Filter>
    <Filter Include="Source Files\Core">
      <UniqueIdentifier>{b5d0df12-d8fb-4218-81af-dba92488172f}</UniqueIdentifier>
    </Filter>
    <Filter Include="Source Files\Framework">
      <UniqueIdentifier>{2b97cf68-c525-418a-b8d9-7c295b52d846}</UniqueIdentifier>
    </Filter>
    <Filter Include="Source Files\Input">
      <UniqueIdentifier>{1734c75b-3a70-4787-9175-5300ec2eb9c0}</UniqueIdentifier>
    </Filter>
    <Filter Include="Source Files\Math">
      <UniqueIdentifier>{982ef87e-03e6-425f-8d7c-c4fb2ec8d110}</UniqueIdentifier>
    </Filter>
    <Filter Include="Source Files\Renderer">
      <UniqueIdentifier>{742db254-46a5-4a64-99ab-6006f2914fce}</UniqueIdentifier>
    </Filter>
    <Filter Include="Source Files\Resources">
      <UniqueIdentifier>{43fc85a7-15ec-491a-8b5e-c8a30d03eb22}</UniqueIdentifier>
    </Filter>
  </ItemGroup>
  <ItemGroup>
    <ClInclude Include="Source\Engine.h">
      <Filter>Header Files</Filter>
    </ClInclude>
    <ClInclude Include="Source\Audio\Audio.h">
      <Filter>Source Files\Audio</Filter>
    </ClInclude>
    <ClInclude Include="Source\Core\ETime.h">
      <Filter>Source Files\Core</Filter>
    </ClInclude>
    <ClInclude Include="Source\Framework\Actor.h">
      <Filter>Source Files\Framework</Filter>
    </ClInclude>
    <ClInclude Include="Source\Framework\Color.h">
      <Filter>Source Files\Framework</Filter>
    </ClInclude>
    <ClInclude Include="Source\Framework\Model.h">
      <Filter>Source Files\Framework</Filter>
    </ClInclude>
    <ClInclude Include="Source\Framework\Particle.h">
      <Filter>Source Files\Framework</Filter>
    </ClInclude>
    <ClInclude Include="Source\Framework\Scene.h">
      <Filter>Source Files\Framework</Filter>
    </ClInclude>
    <ClInclude Include="Source\Framework\Transform.h">
      <Filter>Source Files\Framework</Filter>
    </ClInclude>
    <ClInclude Include="Source\Input\Input.h">
      <Filter>Source Files\Input</Filter>
    </ClInclude>
    <ClInclude Include="Source\Math\MathUtils.h">
      <Filter>Source Files\Math</Filter>
    </ClInclude>
    <ClInclude Include="Source\Math\Random.h">
      <Filter>Source Files\Math</Filter>
    </ClInclude>
    <ClInclude Include="Source\Math\Vector2.h">
      <Filter>Source Files\Math</Filter>
    </ClInclude>
    <ClInclude Include="Source\Renderer\Font.h">
      <Filter>Source Files\Renderer</Filter>
    </ClInclude>
    <ClInclude Include="Source\Renderer\Renderer.h">
      <Filter>Source Files\Renderer</Filter>
    </ClInclude>
    <ClInclude Include="Source\Renderer\Text.h">
      <Filter>Source Files\Renderer</Filter>
    </ClInclude>
    <ClInclude Include="Source\Core\EAssert.h">
      <Filter>Source Files\Core</Filter>
    </ClInclude>
    <ClInclude Include="Source\Core\EFile.h">
      <Filter>Source Files\Core</Filter>
    </ClInclude>
    <ClInclude Include="Source\Renderer\Texture.h">
      <Filter>Source Files\Renderer</Filter>
    </ClInclude>
    <ClInclude Include="Source\Resources\Resource.h">
      <Filter>Source Files\Resources</Filter>
    </ClInclude>
    <ClInclude Include="Source\Resources\ResourceManager.h">
      <Filter>Source Files\Resources</Filter>
    </ClInclude>
    <ClInclude Include="Source\Core\Singleton.h">
      <Filter>Source Files\Core</Filter>
    </ClInclude>
  </ItemGroup>
  <ItemGroup>
    <ClCompile Include="Source\Engine.cpp">
      <Filter>Source Files</Filter>
    </ClCompile>
    <ClCompile Include="Source\Audio\Audio.cpp">
      <Filter>Source Files\Audio</Filter>
    </ClCompile>
    <ClCompile Include="Source\Core\ETime.cpp">
      <Filter>Source Files\Core</Filter>
    </ClCompile>
    <ClCompile Include="Source\Framework\Actor.cpp">
      <Filter>Source Files\Framework</Filter>
    </ClCompile>
    <ClCompile Include="Source\Framework\Model.cpp">
      <Filter>Source Files\Framework</Filter>
    </ClCompile>
    <ClCompile Include="Source\Framework\Particle.cpp">
      <Filter>Source Files\Framework</Filter>
    </ClCompile>
    <ClCompile Include="Source\Framework\Scene.cpp">
      <Filter>Source Files\Framework</Filter>
    </ClCompile>
    <ClCompile Include="Source\Input\Input.cpp">
      <Filter>Source Files\Input</Filter>
    </ClCompile>
    <ClCompile Include="Source\Renderer\Font.cpp">
      <Filter>Source Files\Renderer</Filter>
    </ClCompile>
    <ClCompile Include="Source\Renderer\RENDERER.CPP">
      <Filter>Source Files\Renderer</Filter>
    </ClCompile>
    <ClCompile Include="Source\Renderer\Text.cpp">
      <Filter>Source Files\Renderer</Filter>
    </ClCompile>
    <ClCompile Include="Source\Core\EFile.cpp">
      <Filter>Source Files\Core</Filter>
    </ClCompile>
    <ClCompile Include="Source\Core\EAssert.cpp">
      <Filter>Source Files\Core</Filter>
    </ClCompile>
    <ClCompile Include="Source\Renderer\Texture.cpp">
      <Filter>Source Files\Renderer</Filter>
    </ClCompile>
  </ItemGroup>
</Project>